// !$*UTF8*$!
{
	archiveVersion = 1;
	classes = {
	};
	objectVersion = 48;
	objects = {

/* Begin PBXBuildFile section */
		9D5FC7DB20750DBC0000C3F6 /* RCTB64ImageAsset.m in Sources */ = {isa = PBXBuildFile; fileRef = 9D5FC7DA20750DBC0000C3F6 /* RCTB64ImageAsset.m */; };
		9D5FC7DC20750DBC0000C3F6 /* RCTB64ImageAsset.h in CopyFiles */ = {isa = PBXBuildFile; fileRef = 9D5FC7D920750DBC0000C3F6 /* RCTB64ImageAsset.h */; };
/* End PBXBuildFile section */

/* Begin PBXCopyFilesBuildPhase section */
		9D5FC7D420750DBC0000C3F6 /* CopyFiles */ = {
			isa = PBXCopyFilesBuildPhase;
			buildActionMask = 2147483647;
			dstPath = "include/$(PRODUCT_NAME)";
			dstSubfolderSpec = 16;
			files = (
				9D5FC7DC20750DBC0000C3F6 /* RCTB64ImageAsset.h in CopyFiles */,
			);
			runOnlyForDeploymentPostprocessing = 0;
		};
/* End PBXCopyFilesBuildPhase section */

/* Begin PBXFileReference section */
		9D5FC7D620750DBC0000C3F6 /* libRCTB64ImageAsset.a */ = {isa = PBXFileReference; explicitFileType = archive.ar; includeInIndex = 0; path = libRCTB64ImageAsset.a; sourceTree = BUILT_PRODUCTS_DIR; };
		9D5FC7D920750DBC0000C3F6 /* RCTB64ImageAsset.h */ = {isa = PBXFileReference; lastKnownFileType = sourcecode.c.h; path = RCTB64ImageAsset.h; sourceTree = "<group>"; };
		9D5FC7DA20750DBC0000C3F6 /* RCTB64ImageAsset.m */ = {isa = PBXFileReference; lastKnownFileType = sourcecode.c.objc; path = RCTB64ImageAsset.m; sourceTree = "<group>"; };
/* End PBXFileReference section */

/* Begin PBXFrameworksBuildPhase section */
		9D5FC7D320750DBC0000C3F6 /* Frameworks */ = {
			isa = PBXFrameworksBuildPhase;
			buildActionMask = 2147483647;
			files = (
			);
			runOnlyForDeploymentPostprocessing = 0;
		};
/* End PBXFrameworksBuildPhase section */

/* Begin PBXGroup section */
		9D5FC7CD20750DBC0000C3F6 = {
			isa = PBXGroup;
			children = (
				9D5FC7D820750DBC0000C3F6 /* RCTB64ImageAsset */,
				9D5FC7D720750DBC0000C3F6 /* Products */,
			);
			sourceTree = "<group>";
		};
		9D5FC7D720750DBC0000C3F6 /* Products */ = {
			isa = PBXGroup;
			children = (
				9D5FC7D620750DBC0000C3F6 /* libRCTB64ImageAsset.a */,
			);
			name = Products;
			sourceTree = "<group>";
		};
		9D5FC7D820750DBC0000C3F6 /* RCTB64ImageAsset */ = {
			isa = PBXGroup;
			children = (
				9D5FC7D920750DBC0000C3F6 /* RCTB64ImageAsset.h */,
				9D5FC7DA20750DBC0000C3F6 /* RCTB64ImageAsset.m */,
			);
			path = RCTB64ImageAsset;
			sourceTree = "<group>";
		};
/* End PBXGroup section */

/* Begin PBXNativeTarget section */
		9D5FC7D520750DBC0000C3F6 /* RCTB64ImageAsset */ = {
			isa = PBXNativeTarget;
			buildConfigurationList = 9D5FC7DF20750DBC0000C3F6 /* Build configuration list for PBXNativeTarget "RCTB64ImageAsset" */;
			buildPhases = (
				9D5FC7D220750DBC0000C3F6 /* Sources */,
				9D5FC7D320750DBC0000C3F6 /* Frameworks */,
				9D5FC7D420750DBC0000C3F6 /* CopyFiles */,
			);
			buildRules = (
			);
			dependencies = (
			);
			name = RCTB64ImageAsset;
			productName = RCTB64ImageAsset;
			productReference = 9D5FC7D620750DBC0000C3F6 /* libRCTB64ImageAsset.a */;
			productType = "com.apple.product-type.library.static";
		};
/* End PBXNativeTarget section */

/* Begin PBXProject section */
		9D5FC7CE20750DBC0000C3F6 /* Project object */ = {
			isa = PBXProject;
			attributes = {
				LastUpgradeCheck = 0920;
				ORGANIZATIONNAME = "Sebastien ZINCK";
				TargetAttributes = {
					9D5FC7D520750DBC0000C3F6 = {
						CreatedOnToolsVersion = 9.2;
						ProvisioningStyle = Automatic;
					};
				};
			};
			buildConfigurationList = 9D5FC7D120750DBC0000C3F6 /* Build configuration list for PBXProject "RCTB64ImageAsset" */;
			compatibilityVersion = "Xcode 8.0";
			developmentRegion = en;
			hasScannedForEncodings = 0;
			knownRegions = (
				en,
			);
			mainGroup = 9D5FC7CD20750DBC0000C3F6;
			productRefGroup = 9D5FC7D720750DBC0000C3F6 /* Products */;
			projectDirPath = "";
			projectRoot = "";
			targets = (
				9D5FC7D520750DBC0000C3F6 /* RCTB64ImageAsset */,
			);
		};
/* End PBXProject section */

/* Begin PBXSourcesBuildPhase section */
		9D5FC7D220750DBC0000C3F6 /* Sources */ = {
			isa = PBXSourcesBuildPhase;
			buildActionMask = 2147483647;
			files = (
				9D5FC7DB20750DBC0000C3F6 /* RCTB64ImageAsset.m in Sources */,
			);
			runOnlyForDeploymentPostprocessing = 0;
		};
/* End PBXSourcesBuildPhase section */

/* Begin XCBuildConfiguration section */
		9D5FC7DD20750DBC0000C3F6 /* Debug */ = {
			isa = XCBuildConfiguration;
			buildSettings = {
				ALWAYS_SEARCH_USER_PATHS = NO;
				CLANG_ANALYZER_NONNULL = YES;
				CLANG_ANALYZER_NUMBER_OBJECT_CONVERSION = YES_AGGRESSIVE;
				CLANG_CXX_LANGUAGE_STANDARD = "gnu++14";
				CLANG_CXX_LIBRARY = "libc++";
				CLANG_ENABLE_MODULES = YES;
				CLANG_ENABLE_OBJC_ARC = YES;
				CLANG_WARN_BLOCK_CAPTURE_AUTORELEASING = YES;
				CLANG_WARN_BOOL_CONVERSION = YES;
				CLANG_WARN_COMMA = YES;
				CLANG_WARN_CONSTANT_CONVERSION = YES;
				CLANG_WARN_DIRECT_OBJC_ISA_USAGE = YES_ERROR;
				CLANG_WARN_DOCUMENTATION_COMMENTS = YES;
				CLANG_WARN_EMPTY_BODY = YES;
				CLANG_WARN_ENUM_CONVERSION = YES;
				CLANG_WARN_INFINITE_RECURSION = YES;
				CLANG_WARN_INT_CONVERSION = YES;
				CLANG_WARN_NON_LITERAL_NULL_CONVERSION = YES;
				CLANG_WARN_OBJC_LITERAL_CONVERSION = YES;
				CLANG_WARN_OBJC_ROOT_CLASS = YES_ERROR;
				CLANG_WARN_RANGE_LOOP_ANALYSIS = YES;
				CLANG_WARN_STRICT_PROTOTYPES = YES;
				CLANG_WARN_SUSPICIOUS_MOVE = YES;
				CLANG_WARN_UNGUARDED_AVAILABILITY = YES_AGGRESSIVE;
				CLANG_WARN_UNREACHABLE_CODE = YES;
				CLANG_WARN__DUPLICATE_METHOD_MATCH = YES;
				CODE_SIGN_IDENTITY = "iPhone Developer";
				COPY_PHASE_STRIP = NO;
				DEBUG_INFORMATION_FORMAT = dwarf;
				ENABLE_STRICT_OBJC_MSGSEND = YES;
				ENABLE_TESTABILITY = YES;
				GCC_C_LANGUAGE_STANDARD = gnu11;
				GCC_DYNAMIC_NO_PIC = NO;
				GCC_NO_COMMON_BLOCKS = YES;
				GCC_OPTIMIZATION_LEVEL = 0;
				GCC_PREPROCESSOR_DEFINITIONS = (
					"DEBUG=1",
					"$(inherited)",
				);
				GCC_WARN_64_TO_32_BIT_CONVERSION = YES;
				GCC_WARN_ABOUT_RETURN_TYPE = YES_ERROR;
				GCC_WARN_UNDECLARED_SELECTOR = YES;
				GCC_WARN_UNINITIALIZED_AUTOS = YES_AGGRESSIVE;
				GCC_WARN_UNUSED_FUNCTION = YES;
				GCC_WARN_UNUSED_VARIABLE = YES;
				IPHONEOS_DEPLOYMENT_TARGET = 9.2;
				MTL_ENABLE_DEBUG_INFO = YES;
				ONLY_ACTIVE_ARCH = YES;
				SDKROOT = iphoneos;
			};
			name = Debug;
		};
		9D5FC7DE20750DBC0000C3F6 /* Release */ = {
			isa = XCBuildConfiguration;
			buildSettings = {
				ALWAYS_SEARCH_USER_PATHS = NO;
				CLANG_ANALYZER_NONNULL = YES;
				CLANG_ANALYZER_NUMBER_OBJECT_CONVERSION = YES_AGGRESSIVE;
				CLANG_CXX_LANGUAGE_STANDARD = "gnu++14";
				CLANG_CXX_LIBRARY = "libc++";
				CLANG_ENABLE_MODULES = YES;
				CLANG_ENABLE_OBJC_ARC = YES;
				CLANG_WARN_BLOCK_CAPTURE_AUTORELEASING = YES;
				CLANG_WARN_BOOL_CONVERSION = YES;
				CLANG_WARN_COMMA = YES;
				CLANG_WARN_CONSTANT_CONVERSION = YES;
				CLANG_WARN_DIRECT_OBJC_ISA_USAGE = YES_ERROR;
				CLANG_WARN_DOCUMENTATION_COMMENTS = YES;
				CLANG_WARN_EMPTY_BODY = YES;
				CLANG_WARN_ENUM_CONVERSION = YES;
				CLANG_WARN_INFINITE_RECURSION = YES;
				CLANG_WARN_INT_CONVERSION = YES;
				CLANG_WARN_NON_LITERAL_NULL_CONVERSION = YES;
				CLANG_WARN_OBJC_LITERAL_CONVERSION = YES;
				CLANG_WARN_OBJC_ROOT_CLASS = YES_ERROR;
				CLANG_WARN_RANGE_LOOP_ANALYSIS = YES;
				CLANG_WARN_STRICT_PROTOTYPES = YES;
				CLANG_WARN_SUSPICIOUS_MOVE = YES;
				CLANG_WARN_UNGUARDED_AVAILABILITY = YES_AGGRESSIVE;
				CLANG_WARN_UNREACHABLE_CODE = YES;
				CLANG_WARN__DUPLICATE_METHOD_MATCH = YES;
				CODE_SIGN_IDENTITY = "iPhone Developer";
				COPY_PHASE_STRIP = NO;
				DEBUG_INFORMATION_FORMAT = "dwarf-with-dsym";
				ENABLE_NS_ASSERTIONS = NO;
				ENABLE_STRICT_OBJC_MSGSEND = YES;
				GCC_C_LANGUAGE_STANDARD = gnu11;
				GCC_NO_COMMON_BLOCKS = YES;
				GCC_WARN_64_TO_32_BIT_CONVERSION = YES;
				GCC_WARN_ABOUT_RETURN_TYPE = YES_ERROR;
				GCC_WARN_UNDECLARED_SELECTOR = YES;
				GCC_WARN_UNINITIALIZED_AUTOS = YES_AGGRESSIVE;
				GCC_WARN_UNUSED_FUNCTION = YES;
				GCC_WARN_UNUSED_VARIABLE = YES;
				IPHONEOS_DEPLOYMENT_TARGET = 9.2;
				MTL_ENABLE_DEBUG_INFO = NO;
				SDKROOT = iphoneos;
				VALIDATE_PRODUCT = YES;
			};
			name = Release;
		};
		9D5FC7E020750DBC0000C3F6 /* Debug */ = {
			isa = XCBuildConfiguration;
			buildSettings = {
				CODE_SIGN_STYLE = Automatic;
				DEVELOPMENT_TEAM = 93QRK8GS3T;
				OTHER_LDFLAGS = "-ObjC";
				PRODUCT_NAME = "$(TARGET_NAME)";
				SKIP_INSTALL = YES;
				TARGETED_DEVICE_FAMILY = "1,2";
			};
			name = Debug;
		};
		9D5FC7E120750DBC0000C3F6 /* Release */ = {
			isa = XCBuildConfiguration;
			buildSettings = {
				CODE_SIGN_STYLE = Automatic;
				DEVELOPMENT_TEAM = 93QRK8GS3T;
				OTHER_LDFLAGS = "-ObjC";
				PRODUCT_NAME = "$(TARGET_NAME)";
				SKIP_INSTALL = YES;
				TARGETED_DEVICE_FAMILY = "1,2";
			};
			name = Release;
		};
/* End XCBuildConfiguration section */

/* Begin XCConfigurationList section */
		9D5FC7D120750DBC0000C3F6 /* Build configuration list for PBXProject "RCTB64ImageAsset" */ = {
			isa = XCConfigurationList;
			buildConfigurations = (
				9D5FC7DD20750DBC0000C3F6 /* Debug */,
				9D5FC7DE20750DBC0000C3F6 /* Release */,
			);
			defaultConfigurationIsVisible = 0;
			defaultConfigurationName = Release;
		};
		9D5FC7DF20750DBC0000C3F6 /* Build configuration list for PBXNativeTarget "RCTB64ImageAsset" */ = {
			isa = XCConfigurationList;
			buildConfigurations = (
				9D5FC7E020750DBC0000C3F6 /* Debug */,
				9D5FC7E120750DBC0000C3F6 /* Release */,
			);
			defaultConfigurationIsVisible = 0;
			defaultConfigurationName = Release;
		};
/* End XCConfigurationList section */
	};
	rootObject = 9D5FC7CE20750DBC0000C3F6 /* Project object */;
}
